// !$*UTF8*$!
{
	archiveVersion = 1;
	classes = {
	};
	objectVersion = 56;
	objects = {

/* Begin PBXBuildFile section */
		001EF78E2A0B902C00E87E92 /* AppDelegate.swift in Sources */ = {isa = PBXBuildFile; fileRef = 001EF78D2A0B902C00E87E92 /* AppDelegate.swift */; };
		001EF7902A0B902C00E87E92 /* SceneDelegate.swift in Sources */ = {isa = PBXBuildFile; fileRef = 001EF78F2A0B902C00E87E92 /* SceneDelegate.swift */; };
		001EF7922A0B902C00E87E92 /* ViewController.swift in Sources */ = {isa = PBXBuildFile; fileRef = 001EF7912A0B902C00E87E92 /* ViewController.swift */; };
		001EF7952A0B902C00E87E92 /* Main.storyboard in Resources */ = {isa = PBXBuildFile; fileRef = 001EF7932A0B902C00E87E92 /* Main.storyboard */; };
		001EF7972A0B902D00E87E92 /* Assets.xcassets in Resources */ = {isa = PBXBuildFile; fileRef = 001EF7962A0B902D00E87E92 /* Assets.xcassets */; };
		001EF79A2A0B902D00E87E92 /* LaunchScreen.storyboard in Resources */ = {isa = PBXBuildFile; fileRef = 001EF7982A0B902D00E87E92 /* LaunchScreen.storyboard */; };
		001EF7A52A0B902D00E87E92 /* mapViewTests.swift in Sources */ = {isa = PBXBuildFile; fileRef = 001EF7A42A0B902D00E87E92 /* mapViewTests.swift */; };
		001EF7AF2A0B902D00E87E92 /* mapViewUITests.swift in Sources */ = {isa = PBXBuildFile; fileRef = 001EF7AE2A0B902D00E87E92 /* mapViewUITests.swift */; };
		001EF7B12A0B902D00E87E92 /* mapViewUITestsLaunchTests.swift in Sources */ = {isa = PBXBuildFile; fileRef = 001EF7B02A0B902D00E87E92 /* mapViewUITestsLaunchTests.swift */; };
/* End PBXBuildFile section */

/* Begin PBXContainerItemProxy section */
		001EF7A12A0B902D00E87E92 /* PBXContainerItemProxy */ = {
			isa = PBXContainerItemProxy;
			containerPortal = 001EF7822A0B902C00E87E92 /* Project object */;
			proxyType = 1;
			remoteGlobalIDString = 001EF7892A0B902C00E87E92;
			remoteInfo = mapView;
		};
		001EF7AB2A0B902D00E87E92 /* PBXContainerItemProxy */ = {
			isa = PBXContainerItemProxy;
			containerPortal = 001EF7822A0B902C00E87E92 /* Project object */;
			proxyType = 1;
			remoteGlobalIDString = 001EF7892A0B902C00E87E92;
			remoteInfo = mapView;
		};
/* End PBXContainerItemProxy section */

/* Begin PBXFileReference section */
		001EF78A2A0B902C00E87E92 /* mapView.app */ = {isa = PBXFileReference; explicitFileType = wrapper.application; includeInIndex = 0; path = mapView.app; sourceTree = BUILT_PRODUCTS_DIR; };
		001EF78D2A0B902C00E87E92 /* AppDelegate.swift */ = {isa = PBXFileReference; lastKnownFileType = sourcecode.swift; path = AppDelegate.swift; sourceTree = "<group>"; };
		001EF78F2A0B902C00E87E92 /* SceneDelegate.swift */ = {isa = PBXFileReference; lastKnownFileType = sourcecode.swift; path = SceneDelegate.swift; sourceTree = "<group>"; };
		001EF7912A0B902C00E87E92 /* ViewController.swift */ = {isa = PBXFileReference; lastKnownFileType = sourcecode.swift; path = ViewController.swift; sourceTree = "<group>"; };
		001EF7942A0B902C00E87E92 /* Base */ = {isa = PBXFileReference; lastKnownFileType = file.storyboard; name = Base; path = Base.lproj/Main.storyboard; sourceTree = "<group>"; };
		001EF7962A0B902D00E87E92 /* Assets.xcassets */ = {isa = PBXFileReference; lastKnownFileType = folder.assetcatalog; path = Assets.xcassets; sourceTree = "<group>"; };
		001EF7992A0B902D00E87E92 /* Base */ = {isa = PBXFileReference; lastKnownFileType = file.storyboard; name = Base; path = Base.lproj/LaunchScreen.storyboard; sourceTree = "<group>"; };
		001EF79B2A0B902D00E87E92 /* Info.plist */ = {isa = PBXFileReference; lastKnownFileType = text.plist.xml; path = Info.plist; sourceTree = "<group>"; };
		001EF7A02A0B902D00E87E92 /* mapViewTests.xctest */ = {isa = PBXFileReference; explicitFileType = wrapper.cfbundle; includeInIndex = 0; path = mapViewTests.xctest; sourceTree = BUILT_PRODUCTS_DIR; };
		001EF7A42A0B902D00E87E92 /* mapViewTests.swift */ = {isa = PBXFileReference; lastKnownFileType = sourcecode.swift; path = mapViewTests.swift; sourceTree = "<group>"; };
		001EF7AA2A0B902D00E87E92 /* mapViewUITests.xctest */ = {isa = PBXFileReference; explicitFileType = wrapper.cfbundle; includeInIndex = 0; path = mapViewUITests.xctest; sourceTree = BUILT_PRODUCTS_DIR; };
		001EF7AE2A0B902D00E87E92 /* mapViewUITests.swift */ = {isa = PBXFileReference; lastKnownFileType = sourcecode.swift; path = mapViewUITests.swift; sourceTree = "<group>"; };
		001EF7B02A0B902D00E87E92 /* mapViewUITestsLaunchTests.swift */ = {isa = PBXFileReference; lastKnownFileType = sourcecode.swift; path = mapViewUITestsLaunchTests.swift; sourceTree = "<group>"; };
/* End PBXFileReference section */

/* Begin PBXFrameworksBuildPhase section */
		001EF7872A0B902C00E87E92 /* Frameworks */ = {
			isa = PBXFrameworksBuildPhase;
			buildActionMask = 2147483647;
			files = (
			);
			runOnlyForDeploymentPostprocessing = 0;
		};
		001EF79D2A0B902D00E87E92 /* Frameworks */ = {
			isa = PBXFrameworksBuildPhase;
			buildActionMask = 2147483647;
			files = (
			);
			runOnlyForDeploymentPostprocessing = 0;
		};
		001EF7A72A0B902D00E87E92 /* Frameworks */ = {
			isa = PBXFrameworksBuildPhase;
			buildActionMask = 2147483647;
			files = (
			);
			runOnlyForDeploymentPostprocessing = 0;
		};
/* End PBXFrameworksBuildPhase section */

/* Begin PBXGroup section */
		001EF7812A0B902C00E87E92 = {
			isa = PBXGroup;
			children = (
				001EF78C2A0B902C00E87E92 /* mapView */,
				001EF7A32A0B902D00E87E92 /* mapViewTests */,
				001EF7AD2A0B902D00E87E92 /* mapViewUITests */,
				001EF78B2A0B902C00E87E92 /* Products */,
			);
			sourceTree = "<group>";
		};
		001EF78B2A0B902C00E87E92 /* Products */ = {
			isa = PBXGroup;
			children = (
				001EF78A2A0B902C00E87E92 /* mapView.app */,
				001EF7A02A0B902D00E87E92 /* mapViewTests.xctest */,
				001EF7AA2A0B902D00E87E92 /* mapViewUITests.xctest */,
			);
			name = Products;
			sourceTree = "<group>";
		};
		001EF78C2A0B902C00E87E92 /* mapView */ = {
			isa = PBXGroup;
			children = (
				001EF78D2A0B902C00E87E92 /* AppDelegate.swift */,
				001EF78F2A0B902C00E87E92 /* SceneDelegate.swift */,
				001EF7912A0B902C00E87E92 /* ViewController.swift */,
				001EF7932A0B902C00E87E92 /* Main.storyboard */,
				001EF7962A0B902D00E87E92 /* Assets.xcassets */,
				001EF7982A0B902D00E87E92 /* LaunchScreen.storyboard */,
				001EF79B2A0B902D00E87E92 /* Info.plist */,
			);
			path = mapView;
			sourceTree = "<group>";
		};
		001EF7A32A0B902D00E87E92 /* mapViewTests */ = {
			isa = PBXGroup;
			children = (
				001EF7A42A0B902D00E87E92 /* mapViewTests.swift */,
			);
			path = mapViewTests;
			sourceTree = "<group>";
		};
		001EF7AD2A0B902D00E87E92 /* mapViewUITests */ = {
			isa = PBXGroup;
			children = (
				001EF7AE2A0B902D00E87E92 /* mapViewUITests.swift */,
				001EF7B02A0B902D00E87E92 /* mapViewUITestsLaunchTests.swift */,
			);
			path = mapViewUITests;
			sourceTree = "<group>";
		};
/* End PBXGroup section */

/* Begin PBXNativeTarget section */
		001EF7892A0B902C00E87E92 /* mapView */ = {
			isa = PBXNativeTarget;
			buildConfigurationList = 001EF7B42A0B902D00E87E92 /* Build configuration list for PBXNativeTarget "mapView" */;
			buildPhases = (
				001EF7862A0B902C00E87E92 /* Sources */,
				001EF7872A0B902C00E87E92 /* Frameworks */,
				001EF7882A0B902C00E87E92 /* Resources */,
			);
			buildRules = (
			);
			dependencies = (
			);
			name = mapView;
			productName = mapView;
			productReference = 001EF78A2A0B902C00E87E92 /* mapView.app */;
			productType = "com.apple.product-type.application";
		};
		001EF79F2A0B902D00E87E92 /* mapViewTests */ = {
			isa = PBXNativeTarget;
			buildConfigurationList = 001EF7B72A0B902D00E87E92 /* Build configuration list for PBXNativeTarget "mapViewTests" */;
			buildPhases = (
				001EF79C2A0B902D00E87E92 /* Sources */,
				001EF79D2A0B902D00E87E92 /* Frameworks */,
				001EF79E2A0B902D00E87E92 /* Resources */,
			);
			buildRules = (
			);
			dependencies = (
				001EF7A22A0B902D00E87E92 /* PBXTargetDependency */,
			);
			name = mapViewTests;
			productName = mapViewTests;
			productReference = 001EF7A02A0B902D00E87E92 /* mapViewTests.xctest */;
			productType = "com.apple.product-type.bundle.unit-test";
		};
		001EF7A92A0B902D00E87E92 /* mapViewUITests */ = {
			isa = PBXNativeTarget;
			buildConfigurationList = 001EF7BA2A0B902D00E87E92 /* Build configuration list for PBXNativeTarget "mapViewUITests" */;
			buildPhases = (
				001EF7A62A0B902D00E87E92 /* Sources */,
				001EF7A72A0B902D00E87E92 /* Frameworks */,
				001EF7A82A0B902D00E87E92 /* Resources */,
			);
			buildRules = (
			);
			dependencies = (
				001EF7AC2A0B902D00E87E92 /* PBXTargetDependency */,
			);
			name = mapViewUITests;
			productName = mapViewUITests;
			productReference = 001EF7AA2A0B902D00E87E92 /* mapViewUITests.xctest */;
			productType = "com.apple.product-type.bundle.ui-testing";
		};
/* End PBXNativeTarget section */

/* Begin PBXProject section */
		001EF7822A0B902C00E87E92 /* Project object */ = {
			isa = PBXProject;
			attributes = {
				BuildIndependentTargetsInParallel = 1;
				LastSwiftUpdateCheck = 1430;
				LastUpgradeCheck = 1430;
				TargetAttributes = {
					001EF7892A0B902C00E87E92 = {
						CreatedOnToolsVersion = 14.3;
					};
					001EF79F2A0B902D00E87E92 = {
						CreatedOnToolsVersion = 14.3;
						TestTargetID = 001EF7892A0B902C00E87E92;
					};
					001EF7A92A0B902D00E87E92 = {
						CreatedOnToolsVersion = 14.3;
						TestTargetID = 001EF7892A0B902C00E87E92;
					};
				};
			};
			buildConfigurationList = 001EF7852A0B902C00E87E92 /* Build configuration list for PBXProject "mapView" */;
			compatibilityVersion = "Xcode 14.0";
			developmentRegion = en;
			hasScannedForEncodings = 0;
			knownRegions = (
				en,
				Base,
			);
			mainGroup = 001EF7812A0B902C00E87E92;
			productRefGroup = 001EF78B2A0B902C00E87E92 /* Products */;
			projectDirPath = "";
			projectRoot = "";
			targets = (
				001EF7892A0B902C00E87E92 /* mapView */,
				001EF79F2A0B902D00E87E92 /* mapViewTests */,
				001EF7A92A0B902D00E87E92 /* mapViewUITests */,
			);
		};
/* End PBXProject section */

/* Begin PBXResourcesBuildPhase section */
		001EF7882A0B902C00E87E92 /* Resources */ = {
			isa = PBXResourcesBuildPhase;
			buildActionMask = 2147483647;
			files = (
				001EF79A2A0B902D00E87E92 /* LaunchScreen.storyboard in Resources */,
				001EF7972A0B902D00E87E92 /* Assets.xcassets in Resources */,
				001EF7952A0B902C00E87E92 /* Main.storyboard in Resources */,
			);
			runOnlyForDeploymentPostprocessing = 0;
		};
		001EF79E2A0B902D00E87E92 /* Resources */ = {
			isa = PBXResourcesBuildPhase;
			buildActionMask = 2147483647;
			files = (
			);
			runOnlyForDeploymentPostprocessing = 0;
		};
		001EF7A82A0B902D00E87E92 /* Resources */ = {
			isa = PBXResourcesBuildPhase;
			buildActionMask = 2147483647;
			files = (
			);
			runOnlyForDeploymentPostprocessing = 0;
		};
/* End PBXResourcesBuildPhase section */

/* Begin PBXSourcesBuildPhase section */
		001EF7862A0B902C00E87E92 /* Sources */ = {
			isa = PBXSourcesBuildPhase;
			buildActionMask = 2147483647;
			files = (
				001EF7922A0B902C00E87E92 /* ViewController.swift in Sources */,
				001EF78E2A0B902C00E87E92 /* AppDelegate.swift in Sources */,
				001EF7902A0B902C00E87E92 /* SceneDelegate.swift in Sources */,
			);
			runOnlyForDeploymentPostprocessing = 0;
		};
		001EF79C2A0B902D00E87E92 /* Sources */ = {
			isa = PBXSourcesBuildPhase;
			buildActionMask = 2147483647;
			files = (
				001EF7A52A0B902D00E87E92 /* mapViewTests.swift in Sources */,
			);
			runOnlyForDeploymentPostprocessing = 0;
		};
		001EF7A62A0B902D00E87E92 /* Sources */ = {
			isa = PBXSourcesBuildPhase;
			buildActionMask = 2147483647;
			files = (
				001EF7B12A0B902D00E87E92 /* mapViewUITestsLaunchTests.swift in Sources */,
				001EF7AF2A0B902D00E87E92 /* mapViewUITests.swift in Sources */,
			);
			runOnlyForDeploymentPostprocessing = 0;
		};
/* End PBXSourcesBuildPhase section */

/* Begin PBXTargetDependency section */
		001EF7A22A0B902D00E87E92 /* PBXTargetDependency */ = {
			isa = PBXTargetDependency;
			target = 001EF7892A0B902C00E87E92 /* mapView */;
			targetProxy = 001EF7A12A0B902D00E87E92 /* PBXContainerItemProxy */;
		};
		001EF7AC2A0B902D00E87E92 /* PBXTargetDependency */ = {
			isa = PBXTargetDependency;
			target = 001EF7892A0B902C00E87E92 /* mapView */;
			targetProxy = 001EF7AB2A0B902D00E87E92 /* PBXContainerItemProxy */;
		};
/* End PBXTargetDependency section */

/* Begin PBXVariantGroup section */
		001EF7932A0B902C00E87E92 /* Main.storyboard */ = {
			isa = PBXVariantGroup;
			children = (
				001EF7942A0B902C00E87E92 /* Base */,
			);
			name = Main.storyboard;
			sourceTree = "<group>";
		};
		001EF7982A0B902D00E87E92 /* LaunchScreen.storyboard */ = {
			isa = PBXVariantGroup;
			children = (
				001EF7992A0B902D00E87E92 /* Base */,
			);
			name = LaunchScreen.storyboard;
			sourceTree = "<group>";
		};
/* End PBXVariantGroup section */

/* Begin XCBuildConfiguration section */
		001EF7B22A0B902D00E87E92 /* Debug */ = {
			isa = XCBuildConfiguration;
			buildSettings = {
				ALWAYS_SEARCH_USER_PATHS = NO;
				CLANG_ANALYZER_NONNULL = YES;
				CLANG_ANALYZER_NUMBER_OBJECT_CONVERSION = YES_AGGRESSIVE;
				CLANG_CXX_LANGUAGE_STANDARD = "gnu++20";
				CLANG_ENABLE_MODULES = YES;
				CLANG_ENABLE_OBJC_ARC = YES;
				CLANG_ENABLE_OBJC_WEAK = YES;
				CLANG_WARN_BLOCK_CAPTURE_AUTORELEASING = YES;
				CLANG_WARN_BOOL_CONVERSION = YES;
				CLANG_WARN_COMMA = YES;
				CLANG_WARN_CONSTANT_CONVERSION = YES;
				CLANG_WARN_DEPRECATED_OBJC_IMPLEMENTATIONS = YES;
				CLANG_WARN_DIRECT_OBJC_ISA_USAGE = YES_ERROR;
				CLANG_WARN_DOCUMENTATION_COMMENTS = YES;
				CLANG_WARN_EMPTY_BODY = YES;
				CLANG_WARN_ENUM_CONVERSION = YES;
				CLANG_WARN_INFINITE_RECURSION = YES;
				CLANG_WARN_INT_CONVERSION = YES;
				CLANG_WARN_NON_LITERAL_NULL_CONVERSION = YES;
				CLANG_WARN_OBJC_IMPLICIT_RETAIN_SELF = YES;
				CLANG_WARN_OBJC_LITERAL_CONVERSION = YES;
				CLANG_WARN_OBJC_ROOT_CLASS = YES_ERROR;
				CLANG_WARN_QUOTED_INCLUDE_IN_FRAMEWORK_HEADER = YES;
				CLANG_WARN_RANGE_LOOP_ANALYSIS = YES;
				CLANG_WARN_STRICT_PROTOTYPES = YES;
				CLANG_WARN_SUSPICIOUS_MOVE = YES;
				CLANG_WARN_UNGUARDED_AVAILABILITY = YES_AGGRESSIVE;
				CLANG_WARN_UNREACHABLE_CODE = YES;
				CLANG_WARN__DUPLICATE_METHOD_MATCH = YES;
				COPY_PHASE_STRIP = NO;
				DEBUG_INFORMATION_FORMAT = dwarf;
				ENABLE_STRICT_OBJC_MSGSEND = YES;
				ENABLE_TESTABILITY = YES;
				GCC_C_LANGUAGE_STANDARD = gnu11;
				GCC_DYNAMIC_NO_PIC = NO;
				GCC_NO_COMMON_BLOCKS = YES;
				GCC_OPTIMIZATION_LEVEL = 0;
				GCC_PREPROCESSOR_DEFINITIONS = (
					"DEBUG=1",
					"$(inherited)",
				);
				GCC_WARN_64_TO_32_BIT_CONVERSION = YES;
				GCC_WARN_ABOUT_RETURN_TYPE = YES_ERROR;
				GCC_WARN_UNDECLARED_SELECTOR = YES;
				GCC_WARN_UNINITIALIZED_AUTOS = YES_AGGRESSIVE;
				GCC_WARN_UNUSED_FUNCTION = YES;
				GCC_WARN_UNUSED_VARIABLE = YES;
				IPHONEOS_DEPLOYMENT_TARGET = 16.4;
				MTL_ENABLE_DEBUG_INFO = INCLUDE_SOURCE;
				MTL_FAST_MATH = YES;
				ONLY_ACTIVE_ARCH = YES;
				SDKROOT = iphoneos;
				SWIFT_ACTIVE_COMPILATION_CONDITIONS = DEBUG;
				SWIFT_OPTIMIZATION_LEVEL = "-Onone";
			};
			name = Debug;
		};
		001EF7B32A0B902D00E87E92 /* Release */ = {
			isa = XCBuildConfiguration;
			buildSettings = {
				ALWAYS_SEARCH_USER_PATHS = NO;
				CLANG_ANALYZER_NONNULL = YES;
				CLANG_ANALYZER_NUMBER_OBJECT_CONVERSION = YES_AGGRESSIVE;
				CLANG_CXX_LANGUAGE_STANDARD = "gnu++20";
				CLANG_ENABLE_MODULES = YES;
				CLANG_ENABLE_OBJC_ARC = YES;
				CLANG_ENABLE_OBJC_WEAK = YES;
				CLANG_WARN_BLOCK_CAPTURE_AUTORELEASING = YES;
				CLANG_WARN_BOOL_CONVERSION = YES;
				CLANG_WARN_COMMA = YES;
				CLANG_WARN_CONSTANT_CONVERSION = YES;
				CLANG_WARN_DEPRECATED_OBJC_IMPLEMENTATIONS = YES;
				CLANG_WARN_DIRECT_OBJC_ISA_USAGE = YES_ERROR;
				CLANG_WARN_DOCUMENTATION_COMMENTS = YES;
				CLANG_WARN_EMPTY_BODY = YES;
				CLANG_WARN_ENUM_CONVERSION = YES;
				CLANG_WARN_INFINITE_RECURSION = YES;
				CLANG_WARN_INT_CONVERSION = YES;
				CLANG_WARN_NON_LITERAL_NULL_CONVERSION = YES;
				CLANG_WARN_OBJC_IMPLICIT_RETAIN_SELF = YES;
				CLANG_WARN_OBJC_LITERAL_CONVERSION = YES;
				CLANG_WARN_OBJC_ROOT_CLASS = YES_ERROR;
				CLANG_WARN_QUOTED_INCLUDE_IN_FRAMEWORK_HEADER = YES;
				CLANG_WARN_RANGE_LOOP_ANALYSIS = YES;
				CLANG_WARN_STRICT_PROTOTYPES = YES;
				CLANG_WARN_SUSPICIOUS_MOVE = YES;
				CLANG_WARN_UNGUARDED_AVAILABILITY = YES_AGGRESSIVE;
				CLANG_WARN_UNREACHABLE_CODE = YES;
				CLANG_WARN__DUPLICATE_METHOD_MATCH = YES;
				COPY_PHASE_STRIP = NO;
				DEBUG_INFORMATION_FORMAT = "dwarf-with-dsym";
				ENABLE_NS_ASSERTIONS = NO;
				ENABLE_STRICT_OBJC_MSGSEND = YES;
				GCC_C_LANGUAGE_STANDARD = gnu11;
				GCC_NO_COMMON_BLOCKS = YES;
				GCC_WARN_64_TO_32_BIT_CONVERSION = YES;
				GCC_WARN_ABOUT_RETURN_TYPE = YES_ERROR;
				GCC_WARN_UNDECLARED_SELECTOR = YES;
				GCC_WARN_UNINITIALIZED_AUTOS = YES_AGGRESSIVE;
				GCC_WARN_UNUSED_FUNCTION = YES;
				GCC_WARN_UNUSED_VARIABLE = YES;
				IPHONEOS_DEPLOYMENT_TARGET = 16.4;
				MTL_ENABLE_DEBUG_INFO = NO;
				MTL_FAST_MATH = YES;
				SDKROOT = iphoneos;
				SWIFT_COMPILATION_MODE = wholemodule;
				SWIFT_OPTIMIZATION_LEVEL = "-O";
				VALIDATE_PRODUCT = YES;
			};
			name = Release;
		};
		001EF7B52A0B902D00E87E92 /* Debug */ = {
			isa = XCBuildConfiguration;
			buildSettings = {
				ASSETCATALOG_COMPILER_APPICON_NAME = AppIcon;
				ASSETCATALOG_COMPILER_GLOBAL_ACCENT_COLOR_NAME = AccentColor;
				CODE_SIGN_STYLE = Automatic;
				CURRENT_PROJECT_VERSION = 1;
				GENERATE_INFOPLIST_FILE = YES;
				INFOPLIST_FILE = mapView/Info.plist;
				INFOPLIST_KEY_NSLocationWhenInUseUsageDescription = "we need your location";
				INFOPLIST_KEY_UIApplicationSupportsIndirectInputEvents = YES;
				INFOPLIST_KEY_UILaunchStoryboardName = LaunchScreen;
				INFOPLIST_KEY_UIMainStoryboardFile = Main;
				INFOPLIST_KEY_UISupportedInterfaceOrientations_iPad = "UIInterfaceOrientationPortrait UIInterfaceOrientationPortraitUpsideDown UIInterfaceOrientationLandscapeLeft UIInterfaceOrientationLandscapeRight";
				INFOPLIST_KEY_UISupportedInterfaceOrientations_iPhone = "UIInterfaceOrientationPortrait UIInterfaceOrientationLandscapeLeft UIInterfaceOrientationLandscapeRight";
				IPHONEOS_DEPLOYMENT_TARGET = 16.0;
				LD_RUNPATH_SEARCH_PATHS = (
					"$(inherited)",
					"@executable_path/Frameworks",
				);
				MARKETING_VERSION = 1.0;
				PRODUCT_BUNDLE_IDENTIFIER = kz.azikeaza.mapView;
				PRODUCT_NAME = "$(TARGET_NAME)";
				SUPPORTED_PLATFORMS = "iphoneos iphonesimulator";
				SUPPORTS_MACCATALYST = NO;
				SUPPORTS_MAC_DESIGNED_FOR_IPHONE_IPAD = NO;
				SWIFT_EMIT_LOC_STRINGS = YES;
				SWIFT_VERSION = 5.0;
				TARGETED_DEVICE_FAMILY = 1;
			};
			name = Debug;
		};
		001EF7B62A0B902D00E87E92 /* Release */ = {
			isa = XCBuildConfiguration;
			buildSettings = {
				ASSETCATALOG_COMPILER_APPICON_NAME = AppIcon;
				ASSETCATALOG_COMPILER_GLOBAL_ACCENT_COLOR_NAME = AccentColor;
				CODE_SIGN_STYLE = Automatic;
				CURRENT_PROJECT_VERSION = 1;
				GENERATE_INFOPLIST_FILE = YES;
				INFOPLIST_FILE = mapView/Info.plist;
				INFOPLIST_KEY_NSLocationWhenInUseUsageDescription = "we need your location";
				INFOPLIST_KEY_UIApplicationSupportsIndirectInputEvents = YES;
				INFOPLIST_KEY_UILaunchStoryboardName = LaunchScreen;
				INFOPLIST_KEY_UIMainStoryboardFile = Main;
				INFOPLIST_KEY_UISupportedInterfaceOrientations_iPad = "UIInterfaceOrientationPortrait UIInterfaceOrientationPortraitUpsideDown UIInterfaceOrientationLandscapeLeft UIInterfaceOrientationLandscapeRight";
				INFOPLIST_KEY_UISupportedInterfaceOrientations_iPhone = "UIInterfaceOrientationPortrait UIInterfaceOrientationLandscapeLeft UIInterfaceOrientationLandscapeRight";
				IPHONEOS_DEPLOYMENT_TARGET = 16.0;
				LD_RUNPATH_SEARCH_PATHS = (
					"$(inherited)",
					"@executable_path/Frameworks",
				);
				MARKETING_VERSION = 1.0;
				PRODUCT_BUNDLE_IDENTIFIER = kz.azikeaza.mapView;
				PRODUCT_NAME = "$(TARGET_NAME)";
				SUPPORTED_PLATFORMS = "iphoneos iphonesimulator";
				SUPPORTS_MACCATALYST = NO;
				SUPPORTS_MAC_DESIGNED_FOR_IPHONE_IPAD = NO;
				SWIFT_EMIT_LOC_STRINGS = YES;
				SWIFT_VERSION = 5.0;
				TARGETED_DEVICE_FAMILY = 1;
			};
			name = Release;
		};
		001EF7B82A0B902D00E87E92 /* Debug */ = {
			isa = XCBuildConfiguration;
			buildSettings = {
				ALWAYS_EMBED_SWIFT_STANDARD_LIBRARIES = YES;
				BUNDLE_LOADER = "$(TEST_HOST)";
				CODE_SIGN_STYLE = Automatic;
				CURRENT_PROJECT_VERSION = 1;
				GENERATE_INFOPLIST_FILE = YES;
				IPHONEOS_DEPLOYMENT_TARGET = 16.4;
				MARKETING_VERSION = 1.0;
				PRODUCT_BUNDLE_IDENTIFIER = kz.azikeaza.mapViewTests;
				PRODUCT_NAME = "$(TARGET_NAME)";
				SWIFT_EMIT_LOC_STRINGS = NO;
				SWIFT_VERSION = 5.0;
				TARGETED_DEVICE_FAMILY = "1,2";
				TEST_HOST = "$(BUILT_PRODUCTS_DIR)/mapView.app/$(BUNDLE_EXECUTABLE_FOLDER_PATH)/mapView";
			};
			name = Debug;
		};
		001EF7B92A0B902D00E87E92 /* Release */ = {
			isa = XCBuildConfiguration;
			buildSettings = {
				ALWAYS_EMBED_SWIFT_STANDARD_LIBRARIES = YES;
				BUNDLE_LOADER = "$(TEST_HOST)";
				CODE_SIGN_STYLE = Automatic;
				CURRENT_PROJECT_VERSION = 1;
				GENERATE_INFOPLIST_FILE = YES;
				IPHONEOS_DEPLOYMENT_TARGET = 16.4;
				MARKETING_VERSION = 1.0;
				PRODUCT_BUNDLE_IDENTIFIER = kz.azikeaza.mapViewTests;
				PRODUCT_NAME = "$(TARGET_NAME)";
				SWIFT_EMIT_LOC_STRINGS = NO;
				SWIFT_VERSION = 5.0;
				TARGETED_DEVICE_FAMILY = "1,2";
				TEST_HOST = "$(BUILT_PRODUCTS_DIR)/mapView.app/$(BUNDLE_EXECUTABLE_FOLDER_PATH)/mapView";
			};
			name = Release;
		};
		001EF7BB2A0B902D00E87E92 /* Debug */ = {
			isa = XCBuildConfiguration;
			buildSettings = {
				ALWAYS_EMBED_SWIFT_STANDARD_LIBRARIES = YES;
				CODE_SIGN_STYLE = Automatic;
				CURRENT_PROJECT_VERSION = 1;
				GENERATE_INFOPLIST_FILE = YES;
				MARKETING_VERSION = 1.0;
				PRODUCT_BUNDLE_IDENTIFIER = kz.azikeaza.mapViewUITests;
				PRODUCT_NAME = "$(TARGET_NAME)";
				SWIFT_EMIT_LOC_STRINGS = NO;
				SWIFT_VERSION = 5.0;
				TARGETED_DEVICE_FAMILY = "1,2";
				TEST_TARGET_NAME = mapView;
			};
			name = Debug;
		};
		001EF7BC2A0B902D00E87E92 /* Release */ = {
			isa = XCBuildConfiguration;
			buildSettings = {
				ALWAYS_EMBED_SWIFT_STANDARD_LIBRARIES = YES;
				CODE_SIGN_STYLE = Automatic;
				CURRENT_PROJECT_VERSION = 1;
				GENERATE_INFOPLIST_FILE = YES;
				MARKETING_VERSION = 1.0;
				PRODUCT_BUNDLE_IDENTIFIER = kz.azikeaza.mapViewUITests;
				PRODUCT_NAME = "$(TARGET_NAME)";
				SWIFT_EMIT_LOC_STRINGS = NO;
				SWIFT_VERSION = 5.0;
				TARGETED_DEVICE_FAMILY = "1,2";
				TEST_TARGET_NAME = mapView;
			};
			name = Release;
		};
/* End XCBuildConfiguration section */

/* Begin XCConfigurationList section */
		001EF7852A0B902C00E87E92 /* Build configuration list for PBXProject "mapView" */ = {
			isa = XCConfigurationList;
			buildConfigurations = (
				001EF7B22A0B902D00E87E92 /* Debug */,
				001EF7B32A0B902D00E87E92 /* Release */,
			);
			defaultConfigurationIsVisible = 0;
			defaultConfigurationName = Release;
		};
		001EF7B42A0B902D00E87E92 /* Build configuration list for PBXNativeTarget "mapView" */ = {
			isa = XCConfigurationList;
			buildConfigurations = (
				001EF7B52A0B902D00E87E92 /* Debug */,
				001EF7B62A0B902D00E87E92 /* Release */,
			);
			defaultConfigurationIsVisible = 0;
			defaultConfigurationName = Release;
		};
		001EF7B72A0B902D00E87E92 /* Build configuration list for PBXNativeTarget "mapViewTests" */ = {
			isa = XCConfigurationList;
			buildConfigurations = (
				001EF7B82A0B902D00E87E92 /* Debug */,
				001EF7B92A0B902D00E87E92 /* Release */,
			);
			defaultConfigurationIsVisible = 0;
			defaultConfigurationName = Release;
		};
		001EF7BA2A0B902D00E87E92 /* Build configuration list for PBXNativeTarget "mapViewUITests" */ = {
			isa = XCConfigurationList;
			buildConfigurations = (
				001EF7BB2A0B902D00E87E92 /* Debug */,
				001EF7BC2A0B902D00E87E92 /* Release */,
			);
			defaultConfigurationIsVisible = 0;
			defaultConfigurationName = Release;
		};
/* End XCConfigurationList section */
	};
	rootObject = 001EF7822A0B902C00E87E92 /* Project object */;
}
